
Microsoft Visual Studio Solution File, Format Version 12.00
# Visual Studio Version 17
VisualStudioVersion = 17.5.002.0
MinimumVisualStudioVersion = 10.0.40219.1
Project("{9A19103F-16F7-4668-BE54-9A1E7A4F7556}") = "Pedra-Papel-Tesoura", "Pedra-Papel-Tesoura\Pedra-Papel-Tesoura.csproj", "{4073CA94-697D-49F5-82F8-E310C5FAB5F1}"
EndProject
Global
	GlobalSection(SolutionConfigurationPlatforms) = preSolution
		Debug|Any CPU = Debug|Any CPU
		Release|Any CPU = Release|Any CPU
	EndGlobalSection
	GlobalSection(ProjectConfigurationPlatforms) = postSolution
		{4073CA94-697D-49F5-82F8-E310C5FAB5F1}.Debug|Any CPU.ActiveCfg = Debug|Any CPU
		{4073CA94-697D-49F5-82F8-E310C5FAB5F1}.Debug|Any CPU.Build.0 = Debug|Any CPU
		{4073CA94-697D-49F5-82F8-E310C5FAB5F1}.Release|Any CPU.ActiveCfg = Release|Any CPU
		{4073CA94-697D-49F5-82F8-E310C5FAB5F1}.Release|Any CPU.Build.0 = Release|Any CPU
	EndGlobalSection
	GlobalSection(SolutionProperties) = preSolution
		HideSolutionNode = FALSE
	EndGlobalSection
	GlobalSection(ExtensibilityGlobals) = postSolution
		SolutionGuid = {1CFEF890-9AC1-4CD2-948C-A8AA67E0732F}
	EndGlobalSection
EndGlobal
